
Microsoft Visual Studio Solution File, Format Version 12.00
# Visual Studio 14
VisualStudioVersion = 14.0.23107.0
MinimumVisualStudioVersion = 10.0.40219.1
Project("{FAE04EC0-301F-11D3-BF4B-00C04F79EFBC}") = "THAndroidOUYA4.8.2orGreater", "THAndroidOUYA4.8.2orGreater\THAndroidOUYA4.8.2orGreater.csproj", "{1878B4A3-3B3F-4740-ACC0-3F7A3A9B9CA8}"
EndProject
Project("{D954291E-2A0B-460D-934E-DC6B0785DB48}") = "TH", "..\TH\TH\TH.shproj", "{D3D81FCF-F0E2-498B-8B78-09E7F7F1CF52}"
EndProject
Global
	GlobalSection(SharedMSBuildProjectFiles) = preSolution
		..\TH\TH\TH.projitems*{1878b4a3-3b3f-4740-acc0-3f7a3a9b9ca8}*SharedItemsImports = 4
		..\TH\TH\TH.projitems*{d3d81fcf-f0e2-498b-8b78-09e7f7f1cf52}*SharedItemsImports = 13
	EndGlobalSection
	GlobalSection(SolutionConfigurationPlatforms) = preSolution
		Debug|Any CPU = Debug|Any CPU
		Release|Any CPU = Release|Any CPU
	EndGlobalSection
	GlobalSection(ProjectConfigurationPlatforms) = postSolution
		{1878B4A3-3B3F-4740-ACC0-3F7A3A9B9CA8}.Debug|Any CPU.ActiveCfg = Debug|Any CPU
		{1878B4A3-3B3F-4740-ACC0-3F7A3A9B9CA8}.Debug|Any CPU.Build.0 = Debug|Any CPU
		{1878B4A3-3B3F-4740-ACC0-3F7A3A9B9CA8}.Debug|Any CPU.Deploy.0 = Debug|Any CPU
		{1878B4A3-3B3F-4740-ACC0-3F7A3A9B9CA8}.Release|Any CPU.ActiveCfg = Release|Any CPU
		{1878B4A3-3B3F-4740-ACC0-3F7A3A9B9CA8}.Release|Any CPU.Build.0 = Release|Any CPU
		{1878B4A3-3B3F-4740-ACC0-3F7A3A9B9CA8}.Release|Any CPU.Deploy.0 = Release|Any CPU
	EndGlobalSection
	GlobalSection(SolutionProperties) = preSolution
		HideSolutionNode = FALSE
	EndGlobalSection
EndGlobal
