
Microsoft Visual Studio Solution File, Format Version 11.00
# Visual Studio 2010
Project("{FAE04EC0-301F-11D3-BF4B-00C04F79EFBC}") = "TexasHoldEmFoldUp", "TexasHoldEmFoldUp\TexasHoldEmFoldUp.csproj", "{EE96DA37-3167-41B0-B2D1-F92A665ACB30}"
EndProject
Global
	GlobalSection(SolutionConfigurationPlatforms) = preSolution
		Debug|Any CPU = Debug|Any CPU
		Release|Any CPU = Release|Any CPU
	EndGlobalSection
	GlobalSection(ProjectConfigurationPlatforms) = postSolution
		{EE96DA37-3167-41B0-B2D1-F92A665ACB30}.Debug|Any CPU.ActiveCfg = Debug|Any CPU
		{EE96DA37-3167-41B0-B2D1-F92A665ACB30}.Debug|Any CPU.Build.0 = Debug|Any CPU
		{EE96DA37-3167-41B0-B2D1-F92A665ACB30}.Release|Any CPU.ActiveCfg = Release|Any CPU
		{EE96DA37-3167-41B0-B2D1-F92A665ACB30}.Release|Any CPU.Build.0 = Release|Any CPU
	EndGlobalSection
	GlobalSection(SolutionProperties) = preSolution
		HideSolutionNode = FALSE
	EndGlobalSection
EndGlobal
