
Microsoft Visual Studio Solution File, Format Version 12.00
# Visual Studio 2012
Project("{FAE04EC0-301F-11D3-BF4B-00C04F79EFBC}") = "THiOS", "THiOS\THiOS.csproj", "{1AD3CAA9-5F59-48C2-916F-11C6E7195D57}"
EndProject
Global
	GlobalSection(SolutionConfigurationPlatforms) = preSolution
		Debug|iPhoneSimulator = Debug|iPhoneSimulator
		Release|iPhoneSimulator = Release|iPhoneSimulator
		Debug|iPhone = Debug|iPhone
		Release|iPhone = Release|iPhone
		Ad-Hoc|iPhone = Ad-Hoc|iPhone
		AppStore|iPhone = AppStore|iPhone
	EndGlobalSection
	GlobalSection(ProjectConfigurationPlatforms) = postSolution
		{1AD3CAA9-5F59-48C2-916F-11C6E7195D57}.Ad-Hoc|iPhone.ActiveCfg = Ad-Hoc|iPhone
		{1AD3CAA9-5F59-48C2-916F-11C6E7195D57}.Ad-Hoc|iPhone.Build.0 = Ad-Hoc|iPhone
		{1AD3CAA9-5F59-48C2-916F-11C6E7195D57}.AppStore|iPhone.ActiveCfg = AppStore|iPhone
		{1AD3CAA9-5F59-48C2-916F-11C6E7195D57}.AppStore|iPhone.Build.0 = AppStore|iPhone
		{1AD3CAA9-5F59-48C2-916F-11C6E7195D57}.Debug|iPhone.ActiveCfg = Debug|iPhone
		{1AD3CAA9-5F59-48C2-916F-11C6E7195D57}.Debug|iPhone.Build.0 = Debug|iPhone
		{1AD3CAA9-5F59-48C2-916F-11C6E7195D57}.Debug|iPhoneSimulator.ActiveCfg = Debug|iPhoneSimulator
		{1AD3CAA9-5F59-48C2-916F-11C6E7195D57}.Debug|iPhoneSimulator.Build.0 = Debug|iPhoneSimulator
		{1AD3CAA9-5F59-48C2-916F-11C6E7195D57}.Release|iPhone.ActiveCfg = Release|iPhone
		{1AD3CAA9-5F59-48C2-916F-11C6E7195D57}.Release|iPhone.Build.0 = Release|iPhone
		{1AD3CAA9-5F59-48C2-916F-11C6E7195D57}.Release|iPhoneSimulator.ActiveCfg = Release|iPhoneSimulator
		{1AD3CAA9-5F59-48C2-916F-11C6E7195D57}.Release|iPhoneSimulator.Build.0 = Release|iPhoneSimulator
	EndGlobalSection
	GlobalSection(MonoDevelopProperties) = preSolution
		StartupItem = THiOS\THiOS.csproj
	EndGlobalSection
EndGlobal
