
Microsoft Visual Studio Solution File, Format Version 12.00
# Visual Studio 14
VisualStudioVersion = 14.0.23107.0
MinimumVisualStudioVersion = 10.0.40219.1
Project("{FAE04EC0-301F-11D3-BF4B-00C04F79EFBC}") = "THAndroid", "THAndroid\THAndroid.csproj", "{9174E19E-5C61-4B56-B6E2-B2A282A328CC}"
EndProject
Project("{D954291E-2A0B-460D-934E-DC6B0785DB48}") = "TH", "..\TH\TH\TH.shproj", "{D3D81FCF-F0E2-498B-8B78-09E7F7F1CF52}"
EndProject
Global
	GlobalSection(SharedMSBuildProjectFiles) = preSolution
		..\TH\TH\TH.projitems*{d3d81fcf-f0e2-498b-8b78-09e7f7f1cf52}*SharedItemsImports = 13
		..\TH\TH\TH.projitems*{9174e19e-5c61-4b56-b6e2-b2a282a328cc}*SharedItemsImports = 4
	EndGlobalSection
	GlobalSection(SolutionConfigurationPlatforms) = preSolution
		Debug|Any CPU = Debug|Any CPU
		Release|Any CPU = Release|Any CPU
	EndGlobalSection
	GlobalSection(ProjectConfigurationPlatforms) = postSolution
		{9174E19E-5C61-4B56-B6E2-B2A282A328CC}.Debug|Any CPU.ActiveCfg = Debug|Any CPU
		{9174E19E-5C61-4B56-B6E2-B2A282A328CC}.Debug|Any CPU.Build.0 = Debug|Any CPU
		{9174E19E-5C61-4B56-B6E2-B2A282A328CC}.Debug|Any CPU.Deploy.0 = Debug|Any CPU
		{9174E19E-5C61-4B56-B6E2-B2A282A328CC}.Release|Any CPU.ActiveCfg = Release|Any CPU
		{9174E19E-5C61-4B56-B6E2-B2A282A328CC}.Release|Any CPU.Build.0 = Release|Any CPU
		{9174E19E-5C61-4B56-B6E2-B2A282A328CC}.Release|Any CPU.Deploy.0 = Release|Any CPU
	EndGlobalSection
	GlobalSection(SolutionProperties) = preSolution
		HideSolutionNode = FALSE
	EndGlobalSection
EndGlobal
