
Microsoft Visual Studio Solution File, Format Version 12.00
# Visual Studio 14
VisualStudioVersion = 14.0.23107.0
MinimumVisualStudioVersion = 10.0.40219.1
Project("{D954291E-2A0B-460D-934E-DC6B0785DB48}") = "TH", "TH\TH.shproj", "{D3D81FCF-F0E2-498B-8B78-09E7F7F1CF52}"
EndProject
Global
	GlobalSection(SharedMSBuildProjectFiles) = preSolution
		TH\TH.projitems*{d3d81fcf-f0e2-498b-8b78-09e7f7f1cf52}*SharedItemsImports = 13
	EndGlobalSection
	GlobalSection(SolutionProperties) = preSolution
		HideSolutionNode = FALSE
	EndGlobalSection
EndGlobal
