
Microsoft Visual Studio Solution File, Format Version 12.00
# Visual Studio 14
VisualStudioVersion = 14.0.23107.0
MinimumVisualStudioVersion = 10.0.40219.1
Project("{FAE04EC0-301F-11D3-BF4B-00C04F79EFBC}") = "THLinux", "THLinux\THLinux.csproj", "{9935A0E0-8DA0-4416-B51F-7131CA7E74EC}"
EndProject
Project("{D954291E-2A0B-460D-934E-DC6B0785DB48}") = "TH", "..\TH\TH\TH.shproj", "{D3D81FCF-F0E2-498B-8B78-09E7F7F1CF52}"
EndProject
Global
	GlobalSection(SharedMSBuildProjectFiles) = preSolution
		..\TH\TH\TH.projitems*{d3d81fcf-f0e2-498b-8b78-09e7f7f1cf52}*SharedItemsImports = 13
		..\TH\TH\TH.projitems*{9935a0e0-8da0-4416-b51f-7131ca7e74ec}*SharedItemsImports = 4
	EndGlobalSection
	GlobalSection(SolutionConfigurationPlatforms) = preSolution
		Debug|x86 = Debug|x86
		Release|x86 = Release|x86
	EndGlobalSection
	GlobalSection(ProjectConfigurationPlatforms) = postSolution
		{9935A0E0-8DA0-4416-B51F-7131CA7E74EC}.Debug|x86.ActiveCfg = Debug|x86
		{9935A0E0-8DA0-4416-B51F-7131CA7E74EC}.Debug|x86.Build.0 = Debug|x86
		{9935A0E0-8DA0-4416-B51F-7131CA7E74EC}.Release|x86.ActiveCfg = Release|x86
		{9935A0E0-8DA0-4416-B51F-7131CA7E74EC}.Release|x86.Build.0 = Release|x86
	EndGlobalSection
	GlobalSection(SolutionProperties) = preSolution
		HideSolutionNode = FALSE
	EndGlobalSection
EndGlobal
