
Microsoft Visual Studio Solution File, Format Version 12.00
# Visual Studio 2012
Project("{FAE04EC0-301F-11D3-BF4B-00C04F79EFBC}") = "THAndroid", "THAndroid\THAndroid.csproj", "{5454FD32-4408-4EDB-BA7F-8E2DCAB57103}"
EndProject
Global
	GlobalSection(SolutionConfigurationPlatforms) = preSolution
		Debug|Any CPU = Debug|Any CPU
		Release|Any CPU = Release|Any CPU
	EndGlobalSection
	GlobalSection(ProjectConfigurationPlatforms) = postSolution
		{5454FD32-4408-4EDB-BA7F-8E2DCAB57103}.Debug|Any CPU.ActiveCfg = Debug|Any CPU
		{5454FD32-4408-4EDB-BA7F-8E2DCAB57103}.Debug|Any CPU.Build.0 = Debug|Any CPU
		{5454FD32-4408-4EDB-BA7F-8E2DCAB57103}.Release|Any CPU.ActiveCfg = Release|Any CPU
		{5454FD32-4408-4EDB-BA7F-8E2DCAB57103}.Release|Any CPU.Build.0 = Release|Any CPU
	EndGlobalSection
	GlobalSection(MonoDevelopProperties) = preSolution
		StartupItem = THAndroid\THAndroid.csproj
	EndGlobalSection
EndGlobal
